{
    "version": 3,
    "terraform_version": "0.11.13",
    "serial": 2,
    "lineage": "19e0a049-b067-3430-1369-849d8a8fae6c",
    "modules": [
        {
            "path": [
                "root"
            ],
            "outputs": {},
            "resources": {
                "azurerm_app_service_plan.asp": {
                    "type": "azurerm_app_service_plan",
                    "depends_on": [
                        "azurerm_resource_group.rg"
                    ],
                    "primary": {
                        "id": "/subscriptions/402f66ca-91ab-452b-a436-52cf0dce9bf0/resourceGroups/cloudskills-uhaul-rg/providers/Microsoft.Web/serverfarms/cloudskills-uhaul-asp",
                        "attributes": {
                            "id": "/subscriptions/402f66ca-91ab-452b-a436-52cf0dce9bf0/resourceGroups/cloudskills-uhaul-rg/providers/Microsoft.Web/serverfarms/cloudskills-uhaul-asp",
                            "kind": "Windows",
                            "location": "westus2",
                            "maximum_number_of_workers": "10",
                            "name": "cloudskills-uhaul-asp",
                            "per_site_scaling": "false",
                            "properties.#": "1",
                            "properties.0.app_service_environment_id": "",
                            "properties.0.per_site_scaling": "false",
                            "properties.0.reserved": "false",
                            "reserved": "false",
                            "resource_group_name": "cloudskills-uhaul-rg",
                            "sku.#": "1",
                            "sku.0.capacity": "1",
                            "sku.0.size": "S1",
                            "sku.0.tier": "Standard",
                            "tags.%": "0"
                        },
                        "meta": {},
                        "tainted": false
                    },
                    "deposed": [],
                    "provider": "provider.azurerm"
                },
                "azurerm_application_insights.ai": {
                    "type": "azurerm_application_insights",
                    "depends_on": [
                        "azurerm_resource_group.rg"
                    ],
                    "primary": {
                        "id": "/subscriptions/402f66ca-91ab-452b-a436-52cf0dce9bf0/resourceGroups/cloudskills-uhaul-rg/providers/microsoft.insights/components/cloudskills-uhaul-ai",
                        "attributes": {
                            "app_id": "9f8bfdcb-b7ab-499c-b490-21ae5bae42b4",
                            "application_type": "other",
                            "id": "/subscriptions/402f66ca-91ab-452b-a436-52cf0dce9bf0/resourceGroups/cloudskills-uhaul-rg/providers/microsoft.insights/components/cloudskills-uhaul-ai",
                            "instrumentation_key": "2e310642-6018-4e5e-b52d-bbb3a637f122",
                            "location": "westus2",
                            "name": "cloudskills-uhaul-ai",
                            "resource_group_name": "cloudskills-uhaul-rg",
                            "tags.%": "0"
                        },
                        "meta": {},
                        "tainted": false
                    },
                    "deposed": [],
                    "provider": "provider.azurerm"
                },
                "azurerm_function_app.func": {
                    "type": "azurerm_function_app",
                    "depends_on": [
                        "azurerm_app_service_plan.asp",
                        "azurerm_resource_group.rg",
                        "azurerm_storage_account.storage"
                    ],
                    "primary": {
                        "id": "/subscriptions/402f66ca-91ab-452b-a436-52cf0dce9bf0/resourceGroups/cloudskills-uhaul-rg/providers/Microsoft.Web/sites/cloudskills-uhaul-func",
                        "attributes": {
                            "app_service_plan_id": "/subscriptions/402f66ca-91ab-452b-a436-52cf0dce9bf0/resourceGroups/cloudskills-uhaul-rg/providers/Microsoft.Web/serverfarms/cloudskills-uhaul-asp",
                            "app_settings.%": "0",
                            "client_affinity_enabled": "false",
                            "connection_string.#": "0",
                            "default_hostname": "cloudskills-uhaul-func.azurewebsites.net",
                            "enable_builtin_logging": "true",
                            "enabled": "true",
                            "https_only": "false",
                            "id": "/subscriptions/402f66ca-91ab-452b-a436-52cf0dce9bf0/resourceGroups/cloudskills-uhaul-rg/providers/Microsoft.Web/sites/cloudskills-uhaul-func",
                            "identity.#": "0",
                            "kind": "functionapp",
                            "location": "westus2",
                            "name": "cloudskills-uhaul-func",
                            "outbound_ip_addresses": "52.183.82.125,52.191.170.171,52.191.131.94,52.175.228.235,52.175.237.47",
                            "resource_group_name": "cloudskills-uhaul-rg",
                            "site_config.#": "1",
                            "site_config.0.always_on": "false",
                            "site_config.0.linux_fx_version": "",
                            "site_config.0.use_32_bit_worker_process": "true",
                            "site_config.0.websockets_enabled": "false",
                            "site_credential.#": "1",
                            "site_credential.0.password": "DaNkyKLvc4xGdAbie2x1eotcdiG4C6Kv3riruqnNGW4Ty8Tayvs3i2t7w15i",
                            "site_credential.0.username": "$cloudskills-uhaul-func",
                            "storage_connection_string": "DefaultEndpointsProtocol=https;AccountName=cloudskillsuhaul;AccountKey=nWePtD9aRJ6fFRp0jgPyAEkn+27xYtH6HsPUDvupFjp4U2+6SrihF6IZmcKq63qklbxBvwptrg7rlh3u47nsBw==;EndpointSuffix=core.windows.net",
                            "tags.%": "0",
                            "version": "~1"
                        },
                        "meta": {},
                        "tainted": false
                    },
                    "deposed": [],
                    "provider": "provider.azurerm"
                },
                "azurerm_resource_group.rg": {
                    "type": "azurerm_resource_group",
                    "depends_on": [],
                    "primary": {
                        "id": "/subscriptions/402f66ca-91ab-452b-a436-52cf0dce9bf0/resourceGroups/cloudskills-uhaul-rg",
                        "attributes": {
                            "id": "/subscriptions/402f66ca-91ab-452b-a436-52cf0dce9bf0/resourceGroups/cloudskills-uhaul-rg",
                            "location": "westus2",
                            "name": "cloudskills-uhaul-rg",
                            "tags.%": "0"
                        },
                        "meta": {},
                        "tainted": false
                    },
                    "deposed": [],
                    "provider": "provider.azurerm"
                },
                "azurerm_storage_account.storage": {
                    "type": "azurerm_storage_account",
                    "depends_on": [
                        "azurerm_resource_group.rg"
                    ],
                    "primary": {
                        "id": "/subscriptions/402f66ca-91ab-452b-a436-52cf0dce9bf0/resourceGroups/cloudskills-uhaul-rg/providers/Microsoft.Storage/storageAccounts/cloudskillsuhaul",
                        "attributes": {
                            "access_tier": "",
                            "account_encryption_source": "Microsoft.Storage",
                            "account_kind": "Storage",
                            "account_replication_type": "LRS",
                            "account_tier": "Standard",
                            "account_type": "Standard_LRS",
                            "enable_blob_encryption": "true",
                            "enable_file_encryption": "true",
                            "enable_https_traffic_only": "false",
                            "id": "/subscriptions/402f66ca-91ab-452b-a436-52cf0dce9bf0/resourceGroups/cloudskills-uhaul-rg/providers/Microsoft.Storage/storageAccounts/cloudskillsuhaul",
                            "identity.#": "0",
                            "location": "westus2",
                            "name": "cloudskillsuhaul",
                            "network_rules.#": "0",
                            "primary_access_key": "nWePtD9aRJ6fFRp0jgPyAEkn+27xYtH6HsPUDvupFjp4U2+6SrihF6IZmcKq63qklbxBvwptrg7rlh3u47nsBw==",
                            "primary_blob_connection_string": "DefaultEndpointsProtocol=https;BlobEndpoint=https://cloudskillsuhaul.blob.core.windows.net/;AccountName=cloudskillsuhaul;AccountKey=nWePtD9aRJ6fFRp0jgPyAEkn+27xYtH6HsPUDvupFjp4U2+6SrihF6IZmcKq63qklbxBvwptrg7rlh3u47nsBw==",
                            "primary_blob_endpoint": "https://cloudskillsuhaul.blob.core.windows.net/",
                            "primary_blob_host": "cloudskillsuhaul.blob.core.windows.net",
                            "primary_connection_string": "DefaultEndpointsProtocol=https;AccountName=cloudskillsuhaul;AccountKey=nWePtD9aRJ6fFRp0jgPyAEkn+27xYtH6HsPUDvupFjp4U2+6SrihF6IZmcKq63qklbxBvwptrg7rlh3u47nsBw==;EndpointSuffix=core.windows.net",
                            "primary_file_endpoint": "https://cloudskillsuhaul.file.core.windows.net/",
                            "primary_file_host": "cloudskillsuhaul.file.core.windows.net",
                            "primary_location": "westus2",
                            "primary_queue_endpoint": "https://cloudskillsuhaul.queue.core.windows.net/",
                            "primary_queue_host": "cloudskillsuhaul.queue.core.windows.net",
                            "primary_table_endpoint": "https://cloudskillsuhaul.table.core.windows.net/",
                            "primary_table_host": "cloudskillsuhaul.table.core.windows.net",
                            "resource_group_name": "cloudskills-uhaul-rg",
                            "secondary_access_key": "TE0jR+seSOfG6OhRxuVWt4OLy3M3SlXMVnXj64tNVlI7VYxzXaaIRRlGgMP51bKw5WecvIlVZhdOLiWn1E9ZEw==",
                            "secondary_blob_connection_string": "",
                            "secondary_blob_endpoint": "",
                            "secondary_blob_host": "",
                            "secondary_connection_string": "DefaultEndpointsProtocol=https;AccountName=cloudskillsuhaul;AccountKey=TE0jR+seSOfG6OhRxuVWt4OLy3M3SlXMVnXj64tNVlI7VYxzXaaIRRlGgMP51bKw5WecvIlVZhdOLiWn1E9ZEw==;EndpointSuffix=core.windows.net",
                            "secondary_location": "",
                            "secondary_queue_endpoint": "",
                            "secondary_queue_host": "",
                            "secondary_table_endpoint": "",
                            "secondary_table_host": "",
                            "tags.%": "0"
                        },
                        "meta": {
                            "schema_version": "2"
                        },
                        "tainted": false
                    },
                    "deposed": [],
                    "provider": "provider.azurerm"
                },
                "azurerm_storage_table.table": {
                    "type": "azurerm_storage_table",
                    "depends_on": [
                        "azurerm_resource_group.rg",
                        "azurerm_storage_account.storage"
                    ],
                    "primary": {
                        "id": "https://cloudskillsuhaul.table.core.windows.net/profiles",
                        "attributes": {
                            "id": "https://cloudskillsuhaul.table.core.windows.net/profiles",
                            "name": "profiles",
                            "resource_group_name": "cloudskills-uhaul-rg",
                            "storage_account_name": "cloudskillsuhaul"
                        },
                        "meta": {
                            "schema_version": "1"
                        },
                        "tainted": false
                    },
                    "deposed": [],
                    "provider": "provider.azurerm"
                }
            },
            "depends_on": []
        }
    ]
}
